<Solution>
  <Project Path="StoreService.Application/StoreService.Application.csproj" Id="6d0d4a64-aa8f-45d5-bad4-2fb391a0e873" />
  <Project Path="StoreService.Domain/StoreService.Domain.csproj" />
  <Project Path="StoreService.Persistence/StoreService.Persistence.csproj" Id="3fcecc94-04fa-49aa-8220-394662167f36" />
  <Project Path="StoreService.Web/StoreService.Web.csproj" />
</Solution>
